// !$*UTF8*$!
{
	archiveVersion = 1;
	classes = {
	};
	objectVersion = 46;
	objects = {

/* Begin PBXBuildFile section */
		F527180B1DB70281004A597C /* AppDelegate.swift in Sources */ = {isa = PBXBuildFile; fileRef = F527180A1DB70281004A597C /* AppDelegate.swift */; };
		F527180D1DB70281004A597C /* MainVC.swift in Sources */ = {isa = PBXBuildFile; fileRef = F527180C1DB70281004A597C /* MainVC.swift */; };
		F52718101DB70281004A597C /* Main.storyboard in Resources */ = {isa = PBXBuildFile; fileRef = F527180E1DB70281004A597C /* Main.storyboard */; };
		F52718121DB70281004A597C /* Assets.xcassets in Resources */ = {isa = PBXBuildFile; fileRef = F52718111DB70281004A597C /* Assets.xcassets */; };
		F52718151DB70281004A597C /* LaunchScreen.storyboard in Resources */ = {isa = PBXBuildFile; fileRef = F52718131DB70281004A597C /* LaunchScreen.storyboard */; };
		F52718201DB711EA004A597C /* still time.ttf in Resources */ = {isa = PBXBuildFile; fileRef = F527181F1DB711EA004A597C /* still time.ttf */; };
		F52718231DB71456004A597C /* VideoVC.swift in Sources */ = {isa = PBXBuildFile; fileRef = F52718221DB71456004A597C /* VideoVC.swift */; };
		F52718271DB71800004A597C /* PartyCell.swift in Sources */ = {isa = PBXBuildFile; fileRef = F52718261DB71800004A597C /* PartyCell.swift */; };
		F542B12D1DB7D9ED0069DA65 /* PartyRock.swift in Sources */ = {isa = PBXBuildFile; fileRef = F542B12C1DB7D9ED0069DA65 /* PartyRock.swift */; };
/* End PBXBuildFile section */

/* Begin PBXFileReference section */
		F52718071DB70281004A597C /* PartyRock.app */ = {isa = PBXFileReference; explicitFileType = wrapper.application; includeInIndex = 0; path = PartyRock.app; sourceTree = BUILT_PRODUCTS_DIR; };
		F527180A1DB70281004A597C /* AppDelegate.swift */ = {isa = PBXFileReference; lastKnownFileType = sourcecode.swift; path = AppDelegate.swift; sourceTree = "<group>"; };
		F527180C1DB70281004A597C /* MainVC.swift */ = {isa = PBXFileReference; lastKnownFileType = sourcecode.swift; path = MainVC.swift; sourceTree = "<group>"; };
		F527180F1DB70281004A597C /* Base */ = {isa = PBXFileReference; lastKnownFileType = file.storyboard; name = Base; path = Base.lproj/Main.storyboard; sourceTree = "<group>"; };
		F52718111DB70281004A597C /* Assets.xcassets */ = {isa = PBXFileReference; lastKnownFileType = folder.assetcatalog; path = Assets.xcassets; sourceTree = "<group>"; };
		F52718141DB70281004A597C /* Base */ = {isa = PBXFileReference; lastKnownFileType = file.storyboard; name = Base; path = Base.lproj/LaunchScreen.storyboard; sourceTree = "<group>"; };
		F52718161DB70281004A597C /* Info.plist */ = {isa = PBXFileReference; lastKnownFileType = text.plist.xml; path = Info.plist; sourceTree = "<group>"; };
		F527181F1DB711EA004A597C /* still time.ttf */ = {isa = PBXFileReference; lastKnownFileType = file; path = "still time.ttf"; sourceTree = "<group>"; };
		F52718221DB71456004A597C /* VideoVC.swift */ = {isa = PBXFileReference; fileEncoding = 4; lastKnownFileType = sourcecode.swift; path = VideoVC.swift; sourceTree = "<group>"; };
		F52718261DB71800004A597C /* PartyCell.swift */ = {isa = PBXFileReference; fileEncoding = 4; lastKnownFileType = sourcecode.swift; path = PartyCell.swift; sourceTree = "<group>"; };
		F542B12C1DB7D9ED0069DA65 /* PartyRock.swift */ = {isa = PBXFileReference; fileEncoding = 4; lastKnownFileType = sourcecode.swift; path = PartyRock.swift; sourceTree = "<group>"; };
/* End PBXFileReference section */

/* Begin PBXFrameworksBuildPhase section */
		F52718041DB70281004A597C /* Frameworks */ = {
			isa = PBXFrameworksBuildPhase;
			buildActionMask = 2147483647;
			files = (
			);
			runOnlyForDeploymentPostprocessing = 0;
		};
/* End PBXFrameworksBuildPhase section */

/* Begin PBXGroup section */
		F52717FE1DB70281004A597C = {
			isa = PBXGroup;
			children = (
				F52718091DB70281004A597C /* PartyRock */,
				F52718081DB70281004A597C /* Products */,
			);
			sourceTree = "<group>";
		};
		F52718081DB70281004A597C /* Products */ = {
			isa = PBXGroup;
			children = (
				F52718071DB70281004A597C /* PartyRock.app */,
			);
			name = Products;
			sourceTree = "<group>";
		};
		F52718091DB70281004A597C /* PartyRock */ = {
			isa = PBXGroup;
			children = (
				F52718211DB711FE004A597C /* Files */,
				F527181C1DB70546004A597C /* Model */,
				F527181D1DB70557004A597C /* View */,
				F527181E1DB70560004A597C /* Controller */,
				F527180A1DB70281004A597C /* AppDelegate.swift */,
				F52718131DB70281004A597C /* LaunchScreen.storyboard */,
				F527180E1DB70281004A597C /* Main.storyboard */,
				F52718111DB70281004A597C /* Assets.xcassets */,
				F52718161DB70281004A597C /* Info.plist */,
			);
			path = PartyRock;
			sourceTree = "<group>";
		};
		F527181C1DB70546004A597C /* Model */ = {
			isa = PBXGroup;
			children = (
				F542B12C1DB7D9ED0069DA65 /* PartyRock.swift */,
			);
			name = Model;
			sourceTree = "<group>";
		};
		F527181D1DB70557004A597C /* View */ = {
			isa = PBXGroup;
			children = (
				F52718261DB71800004A597C /* PartyCell.swift */,
			);
			name = View;
			sourceTree = "<group>";
		};
		F527181E1DB70560004A597C /* Controller */ = {
			isa = PBXGroup;
			children = (
				F527180C1DB70281004A597C /* MainVC.swift */,
				F52718221DB71456004A597C /* VideoVC.swift */,
			);
			name = Controller;
			sourceTree = "<group>";
		};
		F52718211DB711FE004A597C /* Files */ = {
			isa = PBXGroup;
			children = (
				F527181F1DB711EA004A597C /* still time.ttf */,
			);
			name = Files;
			sourceTree = "<group>";
		};
/* End PBXGroup section */

/* Begin PBXNativeTarget section */
		F52718061DB70281004A597C /* PartyRock */ = {
			isa = PBXNativeTarget;
			buildConfigurationList = F52718191DB70281004A597C /* Build configuration list for PBXNativeTarget "PartyRock" */;
			buildPhases = (
				F52718031DB70281004A597C /* Sources */,
				F52718041DB70281004A597C /* Frameworks */,
				F52718051DB70281004A597C /* Resources */,
			);
			buildRules = (
			);
			dependencies = (
			);
			name = PartyRock;
			productName = PartyRock;
			productReference = F52718071DB70281004A597C /* PartyRock.app */;
			productType = "com.apple.product-type.application";
		};
/* End PBXNativeTarget section */

/* Begin PBXProject section */
		F52717FF1DB70281004A597C /* Project object */ = {
			isa = PBXProject;
			attributes = {
				LastSwiftUpdateCheck = 0800;
				LastUpgradeCheck = 0800;
				ORGANIZATIONNAME = "Sandhya Ram";
				TargetAttributes = {
					F52718061DB70281004A597C = {
						CreatedOnToolsVersion = 8.0;
						ProvisioningStyle = Automatic;
					};
				};
			};
			buildConfigurationList = F52718021DB70281004A597C /* Build configuration list for PBXProject "PartyRock" */;
			compatibilityVersion = "Xcode 3.2";
			developmentRegion = English;
			hasScannedForEncodings = 0;
			knownRegions = (
				en,
				Base,
			);
			mainGroup = F52717FE1DB70281004A597C;
			productRefGroup = F52718081DB70281004A597C /* Products */;
			projectDirPath = "";
			projectRoot = "";
			targets = (
				F52718061DB70281004A597C /* PartyRock */,
			);
		};
/* End PBXProject section */

/* Begin PBXResourcesBuildPhase section */
		F52718051DB70281004A597C /* Resources */ = {
			isa = PBXResourcesBuildPhase;
			buildActionMask = 2147483647;
			files = (
				F52718151DB70281004A597C /* LaunchScreen.storyboard in Resources */,
				F52718201DB711EA004A597C /* still time.ttf in Resources */,
				F52718121DB70281004A597C /* Assets.xcassets in Resources */,
				F52718101DB70281004A597C /* Main.storyboard in Resources */,
			);
			runOnlyForDeploymentPostprocessing = 0;
		};
/* End PBXResourcesBuildPhase section */

/* Begin PBXSourcesBuildPhase section */
		F52718031DB70281004A597C /* Sources */ = {
			isa = PBXSourcesBuildPhase;
			buildActionMask = 2147483647;
			files = (
				F52718231DB71456004A597C /* VideoVC.swift in Sources */,
				F527180D1DB70281004A597C /* MainVC.swift in Sources */,
				F542B12D1DB7D9ED0069DA65 /* PartyRock.swift in Sources */,
				F52718271DB71800004A597C /* PartyCell.swift in Sources */,
				F527180B1DB70281004A597C /* AppDelegate.swift in Sources */,
			);
			runOnlyForDeploymentPostprocessing = 0;
		};
/* End PBXSourcesBuildPhase section */

/* Begin PBXVariantGroup section */
		F527180E1DB70281004A597C /* Main.storyboard */ = {
			isa = PBXVariantGroup;
			children = (
				F527180F1DB70281004A597C /* Base */,
			);
			name = Main.storyboard;
			sourceTree = "<group>";
		};
		F52718131DB70281004A597C /* LaunchScreen.storyboard */ = {
			isa = PBXVariantGroup;
			children = (
				F52718141DB70281004A597C /* Base */,
			);
			name = LaunchScreen.storyboard;
			sourceTree = "<group>";
		};
/* End PBXVariantGroup section */

/* Begin XCBuildConfiguration section */
		F52718171DB70281004A597C /* Debug */ = {
			isa = XCBuildConfiguration;
			buildSettings = {
				ALWAYS_SEARCH_USER_PATHS = NO;
				CLANG_ANALYZER_NONNULL = YES;
				CLANG_CXX_LANGUAGE_STANDARD = "gnu++0x";
				CLANG_CXX_LIBRARY = "libc++";
				CLANG_ENABLE_MODULES = YES;
				CLANG_ENABLE_OBJC_ARC = YES;
				CLANG_WARN_BOOL_CONVERSION = YES;
				CLANG_WARN_CONSTANT_CONVERSION = YES;
				CLANG_WARN_DIRECT_OBJC_ISA_USAGE = YES_ERROR;
				CLANG_WARN_DOCUMENTATION_COMMENTS = YES;
				CLANG_WARN_EMPTY_BODY = YES;
				CLANG_WARN_ENUM_CONVERSION = YES;
				CLANG_WARN_INFINITE_RECURSION = YES;
				CLANG_WARN_INT_CONVERSION = YES;
				CLANG_WARN_OBJC_ROOT_CLASS = YES_ERROR;
				CLANG_WARN_SUSPICIOUS_MOVES = YES;
				CLANG_WARN_UNREACHABLE_CODE = YES;
				CLANG_WARN__DUPLICATE_METHOD_MATCH = YES;
				"CODE_SIGN_IDENTITY[sdk=iphoneos*]" = "iPhone Developer";
				COPY_PHASE_STRIP = NO;
				DEBUG_INFORMATION_FORMAT = dwarf;
				ENABLE_STRICT_OBJC_MSGSEND = YES;
				ENABLE_TESTABILITY = YES;
				GCC_C_LANGUAGE_STANDARD = gnu99;
				GCC_DYNAMIC_NO_PIC = NO;
				GCC_NO_COMMON_BLOCKS = YES;
				GCC_OPTIMIZATION_LEVEL = 0;
				GCC_PREPROCESSOR_DEFINITIONS = (
					"DEBUG=1",
					"$(inherited)",
				);
				GCC_WARN_64_TO_32_BIT_CONVERSION = YES;
				GCC_WARN_ABOUT_RETURN_TYPE = YES_ERROR;
				GCC_WARN_UNDECLARED_SELECTOR = YES;
				GCC_WARN_UNINITIALIZED_AUTOS = YES_AGGRESSIVE;
				GCC_WARN_UNUSED_FUNCTION = YES;
				GCC_WARN_UNUSED_VARIABLE = YES;
				IPHONEOS_DEPLOYMENT_TARGET = 10.0;
				MTL_ENABLE_DEBUG_INFO = YES;
				ONLY_ACTIVE_ARCH = YES;
				SDKROOT = iphoneos;
				SWIFT_ACTIVE_COMPILATION_CONDITIONS = DEBUG;
				SWIFT_OPTIMIZATION_LEVEL = "-Onone";
				TARGETED_DEVICE_FAMILY = "1,2";
			};
			name = Debug;
		};
		F52718181DB70281004A597C /* Release */ = {
			isa = XCBuildConfiguration;
			buildSettings = {
				ALWAYS_SEARCH_USER_PATHS = NO;
				CLANG_ANALYZER_NONNULL = YES;
				CLANG_CXX_LANGUAGE_STANDARD = "gnu++0x";
				CLANG_CXX_LIBRARY = "libc++";
				CLANG_ENABLE_MODULES = YES;
				CLANG_ENABLE_OBJC_ARC = YES;
				CLANG_WARN_BOOL_CONVERSION = YES;
				CLANG_WARN_CONSTANT_CONVERSION = YES;
				CLANG_WARN_DIRECT_OBJC_ISA_USAGE = YES_ERROR;
				CLANG_WARN_DOCUMENTATION_COMMENTS = YES;
				CLANG_WARN_EMPTY_BODY = YES;
				CLANG_WARN_ENUM_CONVERSION = YES;
				CLANG_WARN_INFINITE_RECURSION = YES;
				CLANG_WARN_INT_CONVERSION = YES;
				CLANG_WARN_OBJC_ROOT_CLASS = YES_ERROR;
				CLANG_WARN_SUSPICIOUS_MOVES = YES;
				CLANG_WARN_UNREACHABLE_CODE = YES;
				CLANG_WARN__DUPLICATE_METHOD_MATCH = YES;
				"CODE_SIGN_IDENTITY[sdk=iphoneos*]" = "iPhone Developer";
				COPY_PHASE_STRIP = NO;
				DEBUG_INFORMATION_FORMAT = "dwarf-with-dsym";
				ENABLE_NS_ASSERTIONS = NO;
				ENABLE_STRICT_OBJC_MSGSEND = YES;
				GCC_C_LANGUAGE_STANDARD = gnu99;
				GCC_NO_COMMON_BLOCKS = YES;
				GCC_WARN_64_TO_32_BIT_CONVERSION = YES;
				GCC_WARN_ABOUT_RETURN_TYPE = YES_ERROR;
				GCC_WARN_UNDECLARED_SELECTOR = YES;
				GCC_WARN_UNINITIALIZED_AUTOS = YES_AGGRESSIVE;
				GCC_WARN_UNUSED_FUNCTION = YES;
				GCC_WARN_UNUSED_VARIABLE = YES;
				IPHONEOS_DEPLOYMENT_TARGET = 10.0;
				MTL_ENABLE_DEBUG_INFO = NO;
				SDKROOT = iphoneos;
				SWIFT_OPTIMIZATION_LEVEL = "-Owholemodule";
				TARGETED_DEVICE_FAMILY = "1,2";
				VALIDATE_PRODUCT = YES;
			};
			name = Release;
		};
		F527181A1DB70281004A597C /* Debug */ = {
			isa = XCBuildConfiguration;
			buildSettings = {
				ASSETCATALOG_COMPILER_APPICON_NAME = AppIcon;
				INFOPLIST_FILE = PartyRock/Info.plist;
				LD_RUNPATH_SEARCH_PATHS = "$(inherited) @executable_path/Frameworks";
				PRODUCT_BUNDLE_IDENTIFIER = com.mycomp.PartyRock;
				PRODUCT_NAME = "$(TARGET_NAME)";
				SWIFT_VERSION = 3.0;
			};
			name = Debug;
		};
		F527181B1DB70281004A597C /* Release */ = {
			isa = XCBuildConfiguration;
			buildSettings = {
				ASSETCATALOG_COMPILER_APPICON_NAME = AppIcon;
				INFOPLIST_FILE = PartyRock/Info.plist;
				LD_RUNPATH_SEARCH_PATHS = "$(inherited) @executable_path/Frameworks";
				PRODUCT_BUNDLE_IDENTIFIER = com.mycomp.PartyRock;
				PRODUCT_NAME = "$(TARGET_NAME)";
				SWIFT_VERSION = 3.0;
			};
			name = Release;
		};
/* End XCBuildConfiguration section */

/* Begin XCConfigurationList section */
		F52718021DB70281004A597C /* Build configuration list for PBXProject "PartyRock" */ = {
			isa = XCConfigurationList;
			buildConfigurations = (
				F52718171DB70281004A597C /* Debug */,
				F52718181DB70281004A597C /* Release */,
			);
			defaultConfigurationIsVisible = 0;
			defaultConfigurationName = Release;
		};
		F52718191DB70281004A597C /* Build configuration list for PBXNativeTarget "PartyRock" */ = {
			isa = XCConfigurationList;
			buildConfigurations = (
				F527181A1DB70281004A597C /* Debug */,
				F527181B1DB70281004A597C /* Release */,
			);
			defaultConfigurationIsVisible = 0;
			defaultConfigurationName = Release;
		};
/* End XCConfigurationList section */
	};
	rootObject = F52717FF1DB70281004A597C /* Project object */;
}
